// !$*UTF8*$!
{
	archiveVersion = 1;
	classes = {
	};
	objectVersion = 46;
	objects = {

/* Begin PBXBuildFile section */
		60E80CE318E9DB6B00558500 /* Foundation.framework in Frameworks */ = {isa = PBXBuildFile; fileRef = 60E80CE218E9DB6B00558500 /* Foundation.framework */; };
		60E80CE518E9DB6B00558500 /* CoreGraphics.framework in Frameworks */ = {isa = PBXBuildFile; fileRef = 60E80CE418E9DB6B00558500 /* CoreGraphics.framework */; };
		60E80CE718E9DB6B00558500 /* UIKit.framework in Frameworks */ = {isa = PBXBuildFile; fileRef = 60E80CE618E9DB6B00558500 /* UIKit.framework */; };
		60E80CED18E9DB6B00558500 /* InfoPlist.strings in Resources */ = {isa = PBXBuildFile; fileRef = 60E80CEB18E9DB6B00558500 /* InfoPlist.strings */; };
		60E80CEF18E9DB6B00558500 /* main.m in Sources */ = {isa = PBXBuildFile; fileRef = 60E80CEE18E9DB6B00558500 /* main.m */; };
		60E80CF318E9DB6B00558500 /* AppDelegate.m in Sources */ = {isa = PBXBuildFile; fileRef = 60E80CF218E9DB6B00558500 /* AppDelegate.m */; };
		60E80CF918E9DB6B00558500 /* Main_iPad.storyboard in Resources */ = {isa = PBXBuildFile; fileRef = 60E80CF718E9DB6B00558500 /* Main_iPad.storyboard */; };
		60E80CFC18E9DB6B00558500 /* ViewController.m in Sources */ = {isa = PBXBuildFile; fileRef = 60E80CFB18E9DB6B00558500 /* ViewController.m */; };
		60E80CFE18E9DB6B00558500 /* Images.xcassets in Resources */ = {isa = PBXBuildFile; fileRef = 60E80CFD18E9DB6B00558500 /* Images.xcassets */; };
		60E80D0518E9DB6B00558500 /* XCTest.framework in Frameworks */ = {isa = PBXBuildFile; fileRef = 60E80D0418E9DB6B00558500 /* XCTest.framework */; };
		60E80D0618E9DB6B00558500 /* Foundation.framework in Frameworks */ = {isa = PBXBuildFile; fileRef = 60E80CE218E9DB6B00558500 /* Foundation.framework */; };
		60E80D0718E9DB6B00558500 /* UIKit.framework in Frameworks */ = {isa = PBXBuildFile; fileRef = 60E80CE618E9DB6B00558500 /* UIKit.framework */; };
		60E80D0F18E9DB6B00558500 /* InfoPlist.strings in Resources */ = {isa = PBXBuildFile; fileRef = 60E80D0D18E9DB6B00558500 /* InfoPlist.strings */; };
		60E80D1118E9DB6B00558500 /* _17_ViewControllersTestTests.m in Sources */ = {isa = PBXBuildFile; fileRef = 60E80D1018E9DB6B00558500 /* _17_ViewControllersTestTests.m */; };
		60E80D1C18E9DEE000558500 /* Main_iPhone.storyboard in Resources */ = {isa = PBXBuildFile; fileRef = 60E80D1A18E9DEE000558500 /* Main_iPhone.storyboard */; };
/* End PBXBuildFile section */

/* Begin PBXContainerItemProxy section */
		60E80D0818E9DB6B00558500 /* PBXContainerItemProxy */ = {
			isa = PBXContainerItemProxy;
			containerPortal = 60E80CD718E9DB6B00558500 /* Project object */;
			proxyType = 1;
			remoteGlobalIDString = 60E80CDE18E9DB6B00558500;
			remoteInfo = _17_ViewControllersTest;
		};
/* End PBXContainerItemProxy section */

/* Begin PBXFileReference section */
		60E80CDF18E9DB6B00558500 /* _17_ViewControllersTest.app */ = {isa = PBXFileReference; explicitFileType = wrapper.application; includeInIndex = 0; path = _17_ViewControllersTest.app; sourceTree = BUILT_PRODUCTS_DIR; };
		60E80CE218E9DB6B00558500 /* Foundation.framework */ = {isa = PBXFileReference; lastKnownFileType = wrapper.framework; name = Foundation.framework; path = System/Library/Frameworks/Foundation.framework; sourceTree = SDKROOT; };
		60E80CE418E9DB6B00558500 /* CoreGraphics.framework */ = {isa = PBXFileReference; lastKnownFileType = wrapper.framework; name = CoreGraphics.framework; path = System/Library/Frameworks/CoreGraphics.framework; sourceTree = SDKROOT; };
		60E80CE618E9DB6B00558500 /* UIKit.framework */ = {isa = PBXFileReference; lastKnownFileType = wrapper.framework; name = UIKit.framework; path = System/Library/Frameworks/UIKit.framework; sourceTree = SDKROOT; };
		60E80CEA18E9DB6B00558500 /* _17_ViewControllersTest-Info.plist */ = {isa = PBXFileReference; lastKnownFileType = text.plist.xml; path = "_17_ViewControllersTest-Info.plist"; sourceTree = "<group>"; };
		60E80CEC18E9DB6B00558500 /* en */ = {isa = PBXFileReference; lastKnownFileType = text.plist.strings; name = en; path = en.lproj/InfoPlist.strings; sourceTree = "<group>"; };
		60E80CEE18E9DB6B00558500 /* main.m */ = {isa = PBXFileReference; lastKnownFileType = sourcecode.c.objc; path = main.m; sourceTree = "<group>"; };
		60E80CF018E9DB6B00558500 /* _17_ViewControllersTest-Prefix.pch */ = {isa = PBXFileReference; lastKnownFileType = sourcecode.c.h; path = "_17_ViewControllersTest-Prefix.pch"; sourceTree = "<group>"; };
		60E80CF118E9DB6B00558500 /* AppDelegate.h */ = {isa = PBXFileReference; lastKnownFileType = sourcecode.c.h; path = AppDelegate.h; sourceTree = "<group>"; };
		60E80CF218E9DB6B00558500 /* AppDelegate.m */ = {isa = PBXFileReference; lastKnownFileType = sourcecode.c.objc; path = AppDelegate.m; sourceTree = "<group>"; };
		60E80CF818E9DB6B00558500 /* Base */ = {isa = PBXFileReference; lastKnownFileType = file.storyboard; name = Base; path = Base.lproj/Main_iPad.storyboard; sourceTree = "<group>"; };
		60E80CFA18E9DB6B00558500 /* ViewController.h */ = {isa = PBXFileReference; lastKnownFileType = sourcecode.c.h; path = ViewController.h; sourceTree = "<group>"; };
		60E80CFB18E9DB6B00558500 /* ViewController.m */ = {isa = PBXFileReference; lastKnownFileType = sourcecode.c.objc; path = ViewController.m; sourceTree = "<group>"; };
		60E80CFD18E9DB6B00558500 /* Images.xcassets */ = {isa = PBXFileReference; lastKnownFileType = folder.assetcatalog; path = Images.xcassets; sourceTree = "<group>"; };
		60E80D0318E9DB6B00558500 /* _17_ViewControllersTestTests.xctest */ = {isa = PBXFileReference; explicitFileType = wrapper.cfbundle; includeInIndex = 0; path = _17_ViewControllersTestTests.xctest; sourceTree = BUILT_PRODUCTS_DIR; };
		60E80D0418E9DB6B00558500 /* XCTest.framework */ = {isa = PBXFileReference; lastKnownFileType = wrapper.framework; name = XCTest.framework; path = Library/Frameworks/XCTest.framework; sourceTree = DEVELOPER_DIR; };
		60E80D0C18E9DB6B00558500 /* _17_ViewControllersTestTests-Info.plist */ = {isa = PBXFileReference; lastKnownFileType = text.plist.xml; path = "_17_ViewControllersTestTests-Info.plist"; sourceTree = "<group>"; };
		60E80D0E18E9DB6B00558500 /* en */ = {isa = PBXFileReference; lastKnownFileType = text.plist.strings; name = en; path = en.lproj/InfoPlist.strings; sourceTree = "<group>"; };
		60E80D1018E9DB6B00558500 /* _17_ViewControllersTestTests.m */ = {isa = PBXFileReference; lastKnownFileType = sourcecode.c.objc; path = _17_ViewControllersTestTests.m; sourceTree = "<group>"; };
		60E80D1B18E9DEE000558500 /* Base */ = {isa = PBXFileReference; lastKnownFileType = file.storyboard; name = Base; path = Base.lproj/Main_iPhone.storyboard; sourceTree = "<group>"; };
/* End PBXFileReference section */

/* Begin PBXFrameworksBuildPhase section */
		60E80CDC18E9DB6B00558500 /* Frameworks */ = {
			isa = PBXFrameworksBuildPhase;
			buildActionMask = 2147483647;
			files = (
				60E80CE518E9DB6B00558500 /* CoreGraphics.framework in Frameworks */,
				60E80CE718E9DB6B00558500 /* UIKit.framework in Frameworks */,
				60E80CE318E9DB6B00558500 /* Foundation.framework in Frameworks */,
			);
			runOnlyForDeploymentPostprocessing = 0;
		};
		60E80D0018E9DB6B00558500 /* Frameworks */ = {
			isa = PBXFrameworksBuildPhase;
			buildActionMask = 2147483647;
			files = (
				60E80D0518E9DB6B00558500 /* XCTest.framework in Frameworks */,
				60E80D0718E9DB6B00558500 /* UIKit.framework in Frameworks */,
				60E80D0618E9DB6B00558500 /* Foundation.framework in Frameworks */,
			);
			runOnlyForDeploymentPostprocessing = 0;
		};
/* End PBXFrameworksBuildPhase section */

/* Begin PBXGroup section */
		60E80CD618E9DB6B00558500 = {
			isa = PBXGroup;
			children = (
				60E80CE818E9DB6B00558500 /* _17_ViewControllersTest */,
				60E80D0A18E9DB6B00558500 /* _17_ViewControllersTestTests */,
				60E80CE118E9DB6B00558500 /* Frameworks */,
				60E80CE018E9DB6B00558500 /* Products */,
			);
			sourceTree = "<group>";
		};
		60E80CE018E9DB6B00558500 /* Products */ = {
			isa = PBXGroup;
			children = (
				60E80CDF18E9DB6B00558500 /* _17_ViewControllersTest.app */,
				60E80D0318E9DB6B00558500 /* _17_ViewControllersTestTests.xctest */,
			);
			name = Products;
			sourceTree = "<group>";
		};
		60E80CE118E9DB6B00558500 /* Frameworks */ = {
			isa = PBXGroup;
			children = (
				60E80CE218E9DB6B00558500 /* Foundation.framework */,
				60E80CE418E9DB6B00558500 /* CoreGraphics.framework */,
				60E80CE618E9DB6B00558500 /* UIKit.framework */,
				60E80D0418E9DB6B00558500 /* XCTest.framework */,
			);
			name = Frameworks;
			sourceTree = "<group>";
		};
		60E80CE818E9DB6B00558500 /* _17_ViewControllersTest */ = {
			isa = PBXGroup;
			children = (
				60E80CF118E9DB6B00558500 /* AppDelegate.h */,
				60E80CF218E9DB6B00558500 /* AppDelegate.m */,
				60E80CF718E9DB6B00558500 /* Main_iPad.storyboard */,
				60E80D1A18E9DEE000558500 /* Main_iPhone.storyboard */,
				60E80CFA18E9DB6B00558500 /* ViewController.h */,
				60E80CFB18E9DB6B00558500 /* ViewController.m */,
				60E80CFD18E9DB6B00558500 /* Images.xcassets */,
				60E80CE918E9DB6B00558500 /* Supporting Files */,
			);
			path = _17_ViewControllersTest;
			sourceTree = "<group>";
		};
		60E80CE918E9DB6B00558500 /* Supporting Files */ = {
			isa = PBXGroup;
			children = (
				60E80CEA18E9DB6B00558500 /* _17_ViewControllersTest-Info.plist */,
				60E80CEB18E9DB6B00558500 /* InfoPlist.strings */,
				60E80CEE18E9DB6B00558500 /* main.m */,
				60E80CF018E9DB6B00558500 /* _17_ViewControllersTest-Prefix.pch */,
			);
			name = "Supporting Files";
			sourceTree = "<group>";
		};
		60E80D0A18E9DB6B00558500 /* _17_ViewControllersTestTests */ = {
			isa = PBXGroup;
			children = (
				60E80D1018E9DB6B00558500 /* _17_ViewControllersTestTests.m */,
				60E80D0B18E9DB6B00558500 /* Supporting Files */,
			);
			path = _17_ViewControllersTestTests;
			sourceTree = "<group>";
		};
		60E80D0B18E9DB6B00558500 /* Supporting Files */ = {
			isa = PBXGroup;
			children = (
				60E80D0C18E9DB6B00558500 /* _17_ViewControllersTestTests-Info.plist */,
				60E80D0D18E9DB6B00558500 /* InfoPlist.strings */,
			);
			name = "Supporting Files";
			sourceTree = "<group>";
		};
/* End PBXGroup section */

/* Begin PBXNativeTarget section */
		60E80CDE18E9DB6B00558500 /* _17_ViewControllersTest */ = {
			isa = PBXNativeTarget;
			buildConfigurationList = 60E80D1418E9DB6B00558500 /* Build configuration list for PBXNativeTarget "_17_ViewControllersTest" */;
			buildPhases = (
				60E80CDB18E9DB6B00558500 /* Sources */,
				60E80CDC18E9DB6B00558500 /* Frameworks */,
				60E80CDD18E9DB6B00558500 /* Resources */,
			);
			buildRules = (
			);
			dependencies = (
			);
			name = _17_ViewControllersTest;
			productName = _17_ViewControllersTest;
			productReference = 60E80CDF18E9DB6B00558500 /* _17_ViewControllersTest.app */;
			productType = "com.apple.product-type.application";
		};
		60E80D0218E9DB6B00558500 /* _17_ViewControllersTestTests */ = {
			isa = PBXNativeTarget;
			buildConfigurationList = 60E80D1718E9DB6B00558500 /* Build configuration list for PBXNativeTarget "_17_ViewControllersTestTests" */;
			buildPhases = (
				60E80CFF18E9DB6B00558500 /* Sources */,
				60E80D0018E9DB6B00558500 /* Frameworks */,
				60E80D0118E9DB6B00558500 /* Resources */,
			);
			buildRules = (
			);
			dependencies = (
				60E80D0918E9DB6B00558500 /* PBXTargetDependency */,
			);
			name = _17_ViewControllersTestTests;
			productName = _17_ViewControllersTestTests;
			productReference = 60E80D0318E9DB6B00558500 /* _17_ViewControllersTestTests.xctest */;
			productType = "com.apple.product-type.bundle.unit-test";
		};
/* End PBXNativeTarget section */

/* Begin PBXProject section */
		60E80CD718E9DB6B00558500 /* Project object */ = {
			isa = PBXProject;
			attributes = {
				LastUpgradeCheck = 0510;
				ORGANIZATIONNAME = Evgenia;
				TargetAttributes = {
					60E80D0218E9DB6B00558500 = {
						TestTargetID = 60E80CDE18E9DB6B00558500;
					};
				};
			};
			buildConfigurationList = 60E80CDA18E9DB6B00558500 /* Build configuration list for PBXProject "_17_ViewControllersTest" */;
			compatibilityVersion = "Xcode 3.2";
			developmentRegion = English;
			hasScannedForEncodings = 0;
			knownRegions = (
				en,
				Base,
			);
			mainGroup = 60E80CD618E9DB6B00558500;
			productRefGroup = 60E80CE018E9DB6B00558500 /* Products */;
			projectDirPath = "";
			projectRoot = "";
			targets = (
				60E80CDE18E9DB6B00558500 /* _17_ViewControllersTest */,
				60E80D0218E9DB6B00558500 /* _17_ViewControllersTestTests */,
			);
		};
/* End PBXProject section */

/* Begin PBXResourcesBuildPhase section */
		60E80CDD18E9DB6B00558500 /* Resources */ = {
			isa = PBXResourcesBuildPhase;
			buildActionMask = 2147483647;
			files = (
				60E80D1C18E9DEE000558500 /* Main_iPhone.storyboard in Resources */,
				60E80CF918E9DB6B00558500 /* Main_iPad.storyboard in Resources */,
				60E80CFE18E9DB6B00558500 /* Images.xcassets in Resources */,
				60E80CED18E9DB6B00558500 /* InfoPlist.strings in Resources */,
			);
			runOnlyForDeploymentPostprocessing = 0;
		};
		60E80D0118E9DB6B00558500 /* Resources */ = {
			isa = PBXResourcesBuildPhase;
			buildActionMask = 2147483647;
			files = (
				60E80D0F18E9DB6B00558500 /* InfoPlist.strings in Resources */,
			);
			runOnlyForDeploymentPostprocessing = 0;
		};
/* End PBXResourcesBuildPhase section */

/* Begin PBXSourcesBuildPhase section */
		60E80CDB18E9DB6B00558500 /* Sources */ = {
			isa = PBXSourcesBuildPhase;
			buildActionMask = 2147483647;
			files = (
				60E80CFC18E9DB6B00558500 /* ViewController.m in Sources */,
				60E80CF318E9DB6B00558500 /* AppDelegate.m in Sources */,
				60E80CEF18E9DB6B00558500 /* main.m in Sources */,
			);
			runOnlyForDeploymentPostprocessing = 0;
		};
		60E80CFF18E9DB6B00558500 /* Sources */ = {
			isa = PBXSourcesBuildPhase;
			buildActionMask = 2147483647;
			files = (
				60E80D1118E9DB6B00558500 /* _17_ViewControllersTestTests.m in Sources */,
			);
			runOnlyForDeploymentPostprocessing = 0;
		};
/* End PBXSourcesBuildPhase section */

/* Begin PBXTargetDependency section */
		60E80D0918E9DB6B00558500 /* PBXTargetDependency */ = {
			isa = PBXTargetDependency;
			target = 60E80CDE18E9DB6B00558500 /* _17_ViewControllersTest */;
			targetProxy = 60E80D0818E9DB6B00558500 /* PBXContainerItemProxy */;
		};
/* End PBXTargetDependency section */

/* Begin PBXVariantGroup section */
		60E80CEB18E9DB6B00558500 /* InfoPlist.strings */ = {
			isa = PBXVariantGroup;
			children = (
				60E80CEC18E9DB6B00558500 /* en */,
			);
			name = InfoPlist.strings;
			sourceTree = "<group>";
		};
		60E80CF718E9DB6B00558500 /* Main_iPad.storyboard */ = {
			isa = PBXVariantGroup;
			children = (
				60E80CF818E9DB6B00558500 /* Base */,
			);
			name = Main_iPad.storyboard;
			sourceTree = "<group>";
		};
		60E80D0D18E9DB6B00558500 /* InfoPlist.strings */ = {
			isa = PBXVariantGroup;
			children = (
				60E80D0E18E9DB6B00558500 /* en */,
			);
			name = InfoPlist.strings;
			sourceTree = "<group>";
		};
		60E80D1A18E9DEE000558500 /* Main_iPhone.storyboard */ = {
			isa = PBXVariantGroup;
			children = (
				60E80D1B18E9DEE000558500 /* Base */,
			);
			name = Main_iPhone.storyboard;
			sourceTree = "<group>";
		};
/* End PBXVariantGroup section */

/* Begin XCBuildConfiguration section */
		60E80D1218E9DB6B00558500 /* Debug */ = {
			isa = XCBuildConfiguration;
			buildSettings = {
				ALWAYS_SEARCH_USER_PATHS = NO;
				CLANG_CXX_LANGUAGE_STANDARD = "gnu++0x";
				CLANG_CXX_LIBRARY = "libc++";
				CLANG_ENABLE_MODULES = YES;
				CLANG_ENABLE_OBJC_ARC = YES;
				CLANG_WARN_BOOL_CONVERSION = YES;
				CLANG_WARN_CONSTANT_CONVERSION = YES;
				CLANG_WARN_DIRECT_OBJC_ISA_USAGE = YES_ERROR;
				CLANG_WARN_EMPTY_BODY = YES;
				CLANG_WARN_ENUM_CONVERSION = YES;
				CLANG_WARN_INT_CONVERSION = YES;
				CLANG_WARN_OBJC_ROOT_CLASS = YES_ERROR;
				CLANG_WARN__DUPLICATE_METHOD_MATCH = YES;
				"CODE_SIGN_IDENTITY[sdk=iphoneos*]" = "iPhone Developer";
				COPY_PHASE_STRIP = NO;
				GCC_C_LANGUAGE_STANDARD = gnu99;
				GCC_DYNAMIC_NO_PIC = NO;
				GCC_OPTIMIZATION_LEVEL = 0;
				GCC_PREPROCESSOR_DEFINITIONS = (
					"DEBUG=1",
					"$(inherited)",
				);
				GCC_SYMBOLS_PRIVATE_EXTERN = NO;
				GCC_WARN_64_TO_32_BIT_CONVERSION = YES;
				GCC_WARN_ABOUT_RETURN_TYPE = YES_ERROR;
				GCC_WARN_UNDECLARED_SELECTOR = YES;
				GCC_WARN_UNINITIALIZED_AUTOS = YES_AGGRESSIVE;
				GCC_WARN_UNUSED_FUNCTION = YES;
				GCC_WARN_UNUSED_VARIABLE = YES;
				IPHONEOS_DEPLOYMENT_TARGET = 7.1;
				ONLY_ACTIVE_ARCH = YES;
				SDKROOT = iphoneos;
				TARGETED_DEVICE_FAMILY = "1,2";
			};
			name = Debug;
		};
		60E80D1318E9DB6B00558500 /* Release */ = {
			isa = XCBuildConfiguration;
			buildSettings = {
				ALWAYS_SEARCH_USER_PATHS = NO;
				CLANG_CXX_LANGUAGE_STANDARD = "gnu++0x";
				CLANG_CXX_LIBRARY = "libc++";
				CLANG_ENABLE_MODULES = YES;
				CLANG_ENABLE_OBJC_ARC = YES;
				CLANG_WARN_BOOL_CONVERSION = YES;
				CLANG_WARN_CONSTANT_CONVERSION = YES;
				CLANG_WARN_DIRECT_OBJC_ISA_USAGE = YES_ERROR;
				CLANG_WARN_EMPTY_BODY = YES;
				CLANG_WARN_ENUM_CONVERSION = YES;
				CLANG_WARN_INT_CONVERSION = YES;
				CLANG_WARN_OBJC_ROOT_CLASS = YES_ERROR;
				CLANG_WARN__DUPLICATE_METHOD_MATCH = YES;
				"CODE_SIGN_IDENTITY[sdk=iphoneos*]" = "iPhone Developer";
				COPY_PHASE_STRIP = YES;
				ENABLE_NS_ASSERTIONS = NO;
				GCC_C_LANGUAGE_STANDARD = gnu99;
				GCC_WARN_64_TO_32_BIT_CONVERSION = YES;
				GCC_WARN_ABOUT_RETURN_TYPE = YES_ERROR;
				GCC_WARN_UNDECLARED_SELECTOR = YES;
				GCC_WARN_UNINITIALIZED_AUTOS = YES_AGGRESSIVE;
				GCC_WARN_UNUSED_FUNCTION = YES;
				GCC_WARN_UNUSED_VARIABLE = YES;
				IPHONEOS_DEPLOYMENT_TARGET = 7.1;
				SDKROOT = iphoneos;
				TARGETED_DEVICE_FAMILY = "1,2";
				VALIDATE_PRODUCT = YES;
			};
			name = Release;
		};
		60E80D1518E9DB6B00558500 /* Debug */ = {
			isa = XCBuildConfiguration;
			buildSettings = {
				ASSETCATALOG_COMPILER_APPICON_NAME = AppIcon;
				ASSETCATALOG_COMPILER_LAUNCHIMAGE_NAME = LaunchImage;
				GCC_PRECOMPILE_PREFIX_HEADER = YES;
				GCC_PREFIX_HEADER = "_17_ViewControllersTest/_17_ViewControllersTest-Prefix.pch";
				INFOPLIST_FILE = "_17_ViewControllersTest/_17_ViewControllersTest-Info.plist";
				PRODUCT_NAME = "$(TARGET_NAME)";
				WRAPPER_EXTENSION = app;
			};
			name = Debug;
		};
		60E80D1618E9DB6B00558500 /* Release */ = {
			isa = XCBuildConfiguration;
			buildSettings = {
				ASSETCATALOG_COMPILER_APPICON_NAME = AppIcon;
				ASSETCATALOG_COMPILER_LAUNCHIMAGE_NAME = LaunchImage;
				GCC_PRECOMPILE_PREFIX_HEADER = YES;
				GCC_PREFIX_HEADER = "_17_ViewControllersTest/_17_ViewControllersTest-Prefix.pch";
				INFOPLIST_FILE = "_17_ViewControllersTest/_17_ViewControllersTest-Info.plist";
				PRODUCT_NAME = "$(TARGET_NAME)";
				WRAPPER_EXTENSION = app;
			};
			name = Release;
		};
		60E80D1818E9DB6B00558500 /* Debug */ = {
			isa = XCBuildConfiguration;
			buildSettings = {
				BUNDLE_LOADER = "$(BUILT_PRODUCTS_DIR)/_17_ViewControllersTest.app/_17_ViewControllersTest";
				FRAMEWORK_SEARCH_PATHS = (
					"$(SDKROOT)/Developer/Library/Frameworks",
					"$(inherited)",
					"$(DEVELOPER_FRAMEWORKS_DIR)",
				);
				GCC_PRECOMPILE_PREFIX_HEADER = YES;
				GCC_PREFIX_HEADER = "_17_ViewControllersTest/_17_ViewControllersTest-Prefix.pch";
				GCC_PREPROCESSOR_DEFINITIONS = (
					"DEBUG=1",
					"$(inherited)",
				);
				INFOPLIST_FILE = "_17_ViewControllersTestTests/_17_ViewControllersTestTests-Info.plist";
				PRODUCT_NAME = "$(TARGET_NAME)";
				TEST_HOST = "$(BUNDLE_LOADER)";
				WRAPPER_EXTENSION = xctest;
			};
			name = Debug;
		};
		60E80D1918E9DB6B00558500 /* Release */ = {
			isa = XCBuildConfiguration;
			buildSettings = {
				BUNDLE_LOADER = "$(BUILT_PRODUCTS_DIR)/_17_ViewControllersTest.app/_17_ViewControllersTest";
				FRAMEWORK_SEARCH_PATHS = (
					"$(SDKROOT)/Developer/Library/Frameworks",
					"$(inherited)",
					"$(DEVELOPER_FRAMEWORKS_DIR)",
				);
				GCC_PRECOMPILE_PREFIX_HEADER = YES;
				GCC_PREFIX_HEADER = "_17_ViewControllersTest/_17_ViewControllersTest-Prefix.pch";
				INFOPLIST_FILE = "_17_ViewControllersTestTests/_17_ViewControllersTestTests-Info.plist";
				PRODUCT_NAME = "$(TARGET_NAME)";
				TEST_HOST = "$(BUNDLE_LOADER)";
				WRAPPER_EXTENSION = xctest;
			};
			name = Release;
		};
/* End XCBuildConfiguration section */

/* Begin XCConfigurationList section */
		60E80CDA18E9DB6B00558500 /* Build configuration list for PBXProject "_17_ViewControllersTest" */ = {
			isa = XCConfigurationList;
			buildConfigurations = (
				60E80D1218E9DB6B00558500 /* Debug */,
				60E80D1318E9DB6B00558500 /* Release */,
			);
			defaultConfigurationIsVisible = 0;
			defaultConfigurationName = Release;
		};
		60E80D1418E9DB6B00558500 /* Build configuration list for PBXNativeTarget "_17_ViewControllersTest" */ = {
			isa = XCConfigurationList;
			buildConfigurations = (
				60E80D1518E9DB6B00558500 /* Debug */,
				60E80D1618E9DB6B00558500 /* Release */,
			);
			defaultConfigurationIsVisible = 0;
		};
		60E80D1718E9DB6B00558500 /* Build configuration list for PBXNativeTarget "_17_ViewControllersTestTests" */ = {
			isa = XCConfigurationList;
			buildConfigurations = (
				60E80D1818E9DB6B00558500 /* Debug */,
				60E80D1918E9DB6B00558500 /* Release */,
			);
			defaultConfigurationIsVisible = 0;
		};
/* End XCConfigurationList section */
	};
	rootObject = 60E80CD718E9DB6B00558500 /* Project object */;
}
